
Microsoft Visual Studio Solution File, Format Version 12.00
# Visual Studio Version 17
VisualStudioVersion = 17.9.34622.214
MinimumVisualStudioVersion = 10.0.40219.1
Project("{FAE04EC0-301F-11D3-BF4B-00C04F79EFBC}") = "CRUDAppUsingASPCoreWebApp", "CRUDAppUsingASPCoreWebApp\CRUDAppUsingASPCoreWebApp.csproj", "{1C078D2D-873A-438D-97E6-B910BE2AE3BC}"
EndProject
Global
	GlobalSection(SolutionConfigurationPlatforms) = preSolution
		Debug|Any CPU = Debug|Any CPU
		Release|Any CPU = Release|Any CPU
	EndGlobalSection
	GlobalSection(ProjectConfigurationPlatforms) = postSolution
		{1C078D2D-873A-438D-97E6-B910BE2AE3BC}.Debug|Any CPU.ActiveCfg = Debug|Any CPU
		{1C078D2D-873A-438D-97E6-B910BE2AE3BC}.Debug|Any CPU.Build.0 = Debug|Any CPU
		{1C078D2D-873A-438D-97E6-B910BE2AE3BC}.Release|Any CPU.ActiveCfg = Release|Any CPU
		{1C078D2D-873A-438D-97E6-B910BE2AE3BC}.Release|Any CPU.Build.0 = Release|Any CPU
	EndGlobalSection
	GlobalSection(SolutionProperties) = preSolution
		HideSolutionNode = FALSE
	EndGlobalSection
	GlobalSection(ExtensibilityGlobals) = postSolution
		SolutionGuid = {D0C8C167-5506-4CF9-BBAB-4FC73B8AAF03}
	EndGlobalSection
EndGlobal
